
Microsoft Visual Studio Solution File, Format Version 12.00
# Visual Studio 15
VisualStudioVersion = 15.0.26730.16
MinimumVisualStudioVersion = 10.0.40219.1
Project("{FAE04EC0-301F-11D3-BF4B-00C04F79EFBC}") = "CompareHare.Domain", "CompareHare.Domain\CompareHare.Domain.csproj", "{B2037337-579C-4530-9DD8-FD2E51199BF8}"
EndProject
Project("{FAE04EC0-301F-11D3-BF4B-00C04F79EFBC}") = "CompareHare.Api", "CompareHare.Api\CompareHare.Api.csproj", "{C96B95E8-7DDD-48B5-88CF-7537D1F050F7}"
EndProject
Global
	GlobalSection(SolutionConfigurationPlatforms) = preSolution
		Debug|Any CPU = Debug|Any CPU
		Release|Any CPU = Release|Any CPU
	EndGlobalSection
	GlobalSection(ProjectConfigurationPlatforms) = postSolution
		{B2037337-579C-4530-9DD8-FD2E51199BF8}.Debug|Any CPU.ActiveCfg = Debug|Any CPU
		{B2037337-579C-4530-9DD8-FD2E51199BF8}.Debug|Any CPU.Build.0 = Debug|Any CPU
		{B2037337-579C-4530-9DD8-FD2E51199BF8}.Release|Any CPU.ActiveCfg = Release|Any CPU
		{B2037337-579C-4530-9DD8-FD2E51199BF8}.Release|Any CPU.Build.0 = Release|Any CPU
		{C96B95E8-7DDD-48B5-88CF-7537D1F050F7}.Debug|Any CPU.ActiveCfg = Debug|Any CPU
		{C96B95E8-7DDD-48B5-88CF-7537D1F050F7}.Debug|Any CPU.Build.0 = Debug|Any CPU
		{C96B95E8-7DDD-48B5-88CF-7537D1F050F7}.Release|Any CPU.ActiveCfg = Release|Any CPU
		{C96B95E8-7DDD-48B5-88CF-7537D1F050F7}.Release|Any CPU.Build.0 = Release|Any CPU
		{4F6DD4BD-1E6C-4202-A83C-CB477C23F90C}.Debug|Any CPU.ActiveCfg = Debug|Any CPU
		{4F6DD4BD-1E6C-4202-A83C-CB477C23F90C}.Debug|Any CPU.Build.0 = Debug|Any CPU
		{4F6DD4BD-1E6C-4202-A83C-CB477C23F90C}.Release|Any CPU.ActiveCfg = Release|Any CPU
		{4F6DD4BD-1E6C-4202-A83C-CB477C23F90C}.Release|Any CPU.Build.0 = Release|Any CPU
		{A16A80FF-4422-4E1C-AE3D-C2828C3105F7}.Debug|Any CPU.ActiveCfg = Debug|Any CPU
		{A16A80FF-4422-4E1C-AE3D-C2828C3105F7}.Debug|Any CPU.Build.0 = Debug|Any CPU
		{A16A80FF-4422-4E1C-AE3D-C2828C3105F7}.Release|Any CPU.ActiveCfg = Release|Any CPU
		{A16A80FF-4422-4E1C-AE3D-C2828C3105F7}.Release|Any CPU.Build.0 = Release|Any CPU
	EndGlobalSection
	GlobalSection(SolutionProperties) = preSolution
		HideSolutionNode = FALSE
	EndGlobalSection
	GlobalSection(ExtensibilityGlobals) = postSolution
		SolutionGuid = {F8BC712B-A75E-4364-85B4-3D6B22E5AD34}
	EndGlobalSection
EndGlobal
